// !$*UTF8*$!
{
	archiveVersion = 1;
	classes = {
	};
	objectVersion = 46;
	objects = {

/* Begin PBXBuildFile section */
		3E8E270B5D987D0894F0744F /* Pods_MyJSON.framework in Frameworks */ = {isa = PBXBuildFile; fileRef = CB4F8EE5DCFE759296FB4114 /* Pods_MyJSON.framework */; };
		CF4286D51E525CF400DDE28B /* SwiftyJSON.framework in Frameworks */ = {isa = PBXBuildFile; fileRef = CF4286D41E525CF400DDE28B /* SwiftyJSON.framework */; };
		CF4286D71E52621500DDE28B /* Data.json in Resources */ = {isa = PBXBuildFile; fileRef = CF4286D61E52621500DDE28B /* Data.json */; };
		CFFDB42E1E52599B00163744 /* AppDelegate.swift in Sources */ = {isa = PBXBuildFile; fileRef = CFFDB42D1E52599B00163744 /* AppDelegate.swift */; };
		CFFDB4301E52599B00163744 /* ViewController.swift in Sources */ = {isa = PBXBuildFile; fileRef = CFFDB42F1E52599B00163744 /* ViewController.swift */; };
		CFFDB4331E52599B00163744 /* Main.storyboard in Resources */ = {isa = PBXBuildFile; fileRef = CFFDB4311E52599B00163744 /* Main.storyboard */; };
		CFFDB4351E52599B00163744 /* Assets.xcassets in Resources */ = {isa = PBXBuildFile; fileRef = CFFDB4341E52599B00163744 /* Assets.xcassets */; };
		CFFDB4381E52599B00163744 /* LaunchScreen.storyboard in Resources */ = {isa = PBXBuildFile; fileRef = CFFDB4361E52599B00163744 /* LaunchScreen.storyboard */; };
/* End PBXBuildFile section */

/* Begin PBXFileReference section */
		068ECAF7EFD5F90B51881174 /* Pods-MyJSON.debug.xcconfig */ = {isa = PBXFileReference; includeInIndex = 1; lastKnownFileType = text.xcconfig; name = "Pods-MyJSON.debug.xcconfig"; path = "Pods/Target Support Files/Pods-MyJSON/Pods-MyJSON.debug.xcconfig"; sourceTree = "<group>"; };
		CB4F8EE5DCFE759296FB4114 /* Pods_MyJSON.framework */ = {isa = PBXFileReference; explicitFileType = wrapper.framework; includeInIndex = 0; path = Pods_MyJSON.framework; sourceTree = BUILT_PRODUCTS_DIR; };
		CF4286D41E525CF400DDE28B /* SwiftyJSON.framework */ = {isa = PBXFileReference; lastKnownFileType = wrapper.framework; name = SwiftyJSON.framework; path = "../../../Library/Developer/Xcode/DerivedData/MyJSON-hdqcaqaxzmvvxtcvuifcfpeufzqk/Build/Products/Debug-iphonesimulator/SwiftyJSON/SwiftyJSON.framework"; sourceTree = "<group>"; };
		CF4286D61E52621500DDE28B /* Data.json */ = {isa = PBXFileReference; fileEncoding = 4; lastKnownFileType = text.json; name = Data.json; path = ../Data.json; sourceTree = "<group>"; };
		CFFDB42A1E52599B00163744 /* MyJSON.app */ = {isa = PBXFileReference; explicitFileType = wrapper.application; includeInIndex = 0; path = MyJSON.app; sourceTree = BUILT_PRODUCTS_DIR; };
		CFFDB42D1E52599B00163744 /* AppDelegate.swift */ = {isa = PBXFileReference; lastKnownFileType = sourcecode.swift; path = AppDelegate.swift; sourceTree = "<group>"; };
		CFFDB42F1E52599B00163744 /* ViewController.swift */ = {isa = PBXFileReference; lastKnownFileType = sourcecode.swift; path = ViewController.swift; sourceTree = "<group>"; };
		CFFDB4321E52599B00163744 /* Base */ = {isa = PBXFileReference; lastKnownFileType = file.storyboard; name = Base; path = Base.lproj/Main.storyboard; sourceTree = "<group>"; };
		CFFDB4341E52599B00163744 /* Assets.xcassets */ = {isa = PBXFileReference; lastKnownFileType = folder.assetcatalog; path = Assets.xcassets; sourceTree = "<group>"; };
		CFFDB4371E52599B00163744 /* Base */ = {isa = PBXFileReference; lastKnownFileType = file.storyboard; name = Base; path = Base.lproj/LaunchScreen.storyboard; sourceTree = "<group>"; };
		CFFDB4391E52599B00163744 /* Info.plist */ = {isa = PBXFileReference; lastKnownFileType = text.plist.xml; path = Info.plist; sourceTree = "<group>"; };
		F2372EAA70633920994C1F2E /* Pods-MyJSON.release.xcconfig */ = {isa = PBXFileReference; includeInIndex = 1; lastKnownFileType = text.xcconfig; name = "Pods-MyJSON.release.xcconfig"; path = "Pods/Target Support Files/Pods-MyJSON/Pods-MyJSON.release.xcconfig"; sourceTree = "<group>"; };
/* End PBXFileReference section */

/* Begin PBXFrameworksBuildPhase section */
		CFFDB4271E52599B00163744 /* Frameworks */ = {
			isa = PBXFrameworksBuildPhase;
			buildActionMask = 2147483647;
			files = (
				CF4286D51E525CF400DDE28B /* SwiftyJSON.framework in Frameworks */,
				3E8E270B5D987D0894F0744F /* Pods_MyJSON.framework in Frameworks */,
			);
			runOnlyForDeploymentPostprocessing = 0;
		};
/* End PBXFrameworksBuildPhase section */

/* Begin PBXGroup section */
		60F8954E496652DEA2DF3463 /* Frameworks */ = {
			isa = PBXGroup;
			children = (
				CF4286D41E525CF400DDE28B /* SwiftyJSON.framework */,
				CB4F8EE5DCFE759296FB4114 /* Pods_MyJSON.framework */,
			);
			name = Frameworks;
			sourceTree = "<group>";
		};
		AC6133FDA9351B12B87FED6D /* Pods */ = {
			isa = PBXGroup;
			children = (
				068ECAF7EFD5F90B51881174 /* Pods-MyJSON.debug.xcconfig */,
				F2372EAA70633920994C1F2E /* Pods-MyJSON.release.xcconfig */,
			);
			name = Pods;
			sourceTree = "<group>";
		};
		CFFDB4211E52599B00163744 = {
			isa = PBXGroup;
			children = (
				CFFDB42C1E52599B00163744 /* MyJSON */,
				CFFDB42B1E52599B00163744 /* Products */,
				AC6133FDA9351B12B87FED6D /* Pods */,
				60F8954E496652DEA2DF3463 /* Frameworks */,
			);
			sourceTree = "<group>";
		};
		CFFDB42B1E52599B00163744 /* Products */ = {
			isa = PBXGroup;
			children = (
				CFFDB42A1E52599B00163744 /* MyJSON.app */,
			);
			name = Products;
			sourceTree = "<group>";
		};
		CFFDB42C1E52599B00163744 /* MyJSON */ = {
			isa = PBXGroup;
			children = (
				CF4286D61E52621500DDE28B /* Data.json */,
				CFFDB42D1E52599B00163744 /* AppDelegate.swift */,
				CFFDB42F1E52599B00163744 /* ViewController.swift */,
				CFFDB4311E52599B00163744 /* Main.storyboard */,
				CFFDB4341E52599B00163744 /* Assets.xcassets */,
				CFFDB4361E52599B00163744 /* LaunchScreen.storyboard */,
				CFFDB4391E52599B00163744 /* Info.plist */,
			);
			path = MyJSON;
			sourceTree = "<group>";
		};
/* End PBXGroup section */

/* Begin PBXNativeTarget section */
		CFFDB4291E52599B00163744 /* MyJSON */ = {
			isa = PBXNativeTarget;
			buildConfigurationList = CFFDB43C1E52599B00163744 /* Build configuration list for PBXNativeTarget "MyJSON" */;
			buildPhases = (
				C1D2F0A454674A03BCA437D4 /* [CP] Check Pods Manifest.lock */,
				CFFDB4261E52599B00163744 /* Sources */,
				CFFDB4271E52599B00163744 /* Frameworks */,
				CFFDB4281E52599B00163744 /* Resources */,
				E9C0FC3F6D4EEB70E5D3635E /* [CP] Embed Pods Frameworks */,
				38DCC6A456929EC3C5C31091 /* [CP] Copy Pods Resources */,
			);
			buildRules = (
			);
			dependencies = (
			);
			name = MyJSON;
			productName = MyJSON;
			productReference = CFFDB42A1E52599B00163744 /* MyJSON.app */;
			productType = "com.apple.product-type.application";
		};
/* End PBXNativeTarget section */

/* Begin PBXProject section */
		CFFDB4221E52599B00163744 /* Project object */ = {
			isa = PBXProject;
			attributes = {
				LastSwiftUpdateCheck = 0820;
				LastUpgradeCheck = 0820;
				ORGANIZATIONNAME = "Ashwin Tallapaka";
				TargetAttributes = {
					CFFDB4291E52599B00163744 = {
						CreatedOnToolsVersion = 8.2.1;
						DevelopmentTeam = XQW53V53S6;
						ProvisioningStyle = Automatic;
					};
				};
			};
			buildConfigurationList = CFFDB4251E52599B00163744 /* Build configuration list for PBXProject "MyJSON" */;
			compatibilityVersion = "Xcode 3.2";
			developmentRegion = English;
			hasScannedForEncodings = 0;
			knownRegions = (
				en,
				Base,
			);
			mainGroup = CFFDB4211E52599B00163744;
			productRefGroup = CFFDB42B1E52599B00163744 /* Products */;
			projectDirPath = "";
			projectRoot = "";
			targets = (
				CFFDB4291E52599B00163744 /* MyJSON */,
			);
		};
/* End PBXProject section */

/* Begin PBXResourcesBuildPhase section */
		CFFDB4281E52599B00163744 /* Resources */ = {
			isa = PBXResourcesBuildPhase;
			buildActionMask = 2147483647;
			files = (
				CFFDB4381E52599B00163744 /* LaunchScreen.storyboard in Resources */,
				CFFDB4351E52599B00163744 /* Assets.xcassets in Resources */,
				CFFDB4331E52599B00163744 /* Main.storyboard in Resources */,
				CF4286D71E52621500DDE28B /* Data.json in Resources */,
			);
			runOnlyForDeploymentPostprocessing = 0;
		};
/* End PBXResourcesBuildPhase section */

/* Begin PBXShellScriptBuildPhase section */
		38DCC6A456929EC3C5C31091 /* [CP] Copy Pods Resources */ = {
			isa = PBXShellScriptBuildPhase;
			buildActionMask = 2147483647;
			files = (
			);
			inputPaths = (
			);
			name = "[CP] Copy Pods Resources";
			outputPaths = (
			);
			runOnlyForDeploymentPostprocessing = 0;
			shellPath = /bin/sh;
			shellScript = "\"${SRCROOT}/Pods/Target Support Files/Pods-MyJSON/Pods-MyJSON-resources.sh\"\n";
			showEnvVarsInLog = 0;
		};
		C1D2F0A454674A03BCA437D4 /* [CP] Check Pods Manifest.lock */ = {
			isa = PBXShellScriptBuildPhase;
			buildActionMask = 2147483647;
			files = (
			);
			inputPaths = (
			);
			name = "[CP] Check Pods Manifest.lock";
			outputPaths = (
			);
			runOnlyForDeploymentPostprocessing = 0;
			shellPath = /bin/sh;
			shellScript = "diff \"${PODS_ROOT}/../Podfile.lock\" \"${PODS_ROOT}/Manifest.lock\" > /dev/null\nif [ $? != 0 ] ; then\n    # print error to STDERR\n    echo \"error: The sandbox is not in sync with the Podfile.lock. Run 'pod install' or update your CocoaPods installation.\" >&2\n    exit 1\nfi\n";
			showEnvVarsInLog = 0;
		};
		E9C0FC3F6D4EEB70E5D3635E /* [CP] Embed Pods Frameworks */ = {
			isa = PBXShellScriptBuildPhase;
			buildActionMask = 2147483647;
			files = (
			);
			inputPaths = (
			);
			name = "[CP] Embed Pods Frameworks";
			outputPaths = (
			);
			runOnlyForDeploymentPostprocessing = 0;
			shellPath = /bin/sh;
			shellScript = "\"${SRCROOT}/Pods/Target Support Files/Pods-MyJSON/Pods-MyJSON-frameworks.sh\"\n";
			showEnvVarsInLog = 0;
		};
/* End PBXShellScriptBuildPhase section */

/* Begin PBXSourcesBuildPhase section */
		CFFDB4261E52599B00163744 /* Sources */ = {
			isa = PBXSourcesBuildPhase;
			buildActionMask = 2147483647;
			files = (
				CFFDB4301E52599B00163744 /* ViewController.swift in Sources */,
				CFFDB42E1E52599B00163744 /* AppDelegate.swift in Sources */,
			);
			runOnlyForDeploymentPostprocessing = 0;
		};
/* End PBXSourcesBuildPhase section */

/* Begin PBXVariantGroup section */
		CFFDB4311E52599B00163744 /* Main.storyboard */ = {
			isa = PBXVariantGroup;
			children = (
				CFFDB4321E52599B00163744 /* Base */,
			);
			name = Main.storyboard;
			sourceTree = "<group>";
		};
		CFFDB4361E52599B00163744 /* LaunchScreen.storyboard */ = {
			isa = PBXVariantGroup;
			children = (
				CFFDB4371E52599B00163744 /* Base */,
			);
			name = LaunchScreen.storyboard;
			sourceTree = "<group>";
		};
/* End PBXVariantGroup section */

/* Begin XCBuildConfiguration section */
		CFFDB43A1E52599B00163744 /* Debug */ = {
			isa = XCBuildConfiguration;
			buildSettings = {
				ALWAYS_SEARCH_USER_PATHS = NO;
				CLANG_ANALYZER_NONNULL = YES;
				CLANG_CXX_LANGUAGE_STANDARD = "gnu++0x";
				CLANG_CXX_LIBRARY = "libc++";
				CLANG_ENABLE_MODULES = YES;
				CLANG_ENABLE_OBJC_ARC = YES;
				CLANG_WARN_BOOL_CONVERSION = YES;
				CLANG_WARN_CONSTANT_CONVERSION = YES;
				CLANG_WARN_DIRECT_OBJC_ISA_USAGE = YES_ERROR;
				CLANG_WARN_DOCUMENTATION_COMMENTS = YES;
				CLANG_WARN_EMPTY_BODY = YES;
				CLANG_WARN_ENUM_CONVERSION = YES;
				CLANG_WARN_INFINITE_RECURSION = YES;
				CLANG_WARN_INT_CONVERSION = YES;
				CLANG_WARN_OBJC_ROOT_CLASS = YES_ERROR;
				CLANG_WARN_SUSPICIOUS_MOVE = YES;
				CLANG_WARN_UNREACHABLE_CODE = YES;
				CLANG_WARN__DUPLICATE_METHOD_MATCH = YES;
				"CODE_SIGN_IDENTITY[sdk=iphoneos*]" = "iPhone Developer";
				COPY_PHASE_STRIP = NO;
				DEBUG_INFORMATION_FORMAT = dwarf;
				ENABLE_STRICT_OBJC_MSGSEND = YES;
				ENABLE_TESTABILITY = YES;
				GCC_C_LANGUAGE_STANDARD = gnu99;
				GCC_DYNAMIC_NO_PIC = NO;
				GCC_NO_COMMON_BLOCKS = YES;
				GCC_OPTIMIZATION_LEVEL = 0;
				GCC_PREPROCESSOR_DEFINITIONS = (
					"DEBUG=1",
					"$(inherited)",
				);
				GCC_WARN_64_TO_32_BIT_CONVERSION = YES;
				GCC_WARN_ABOUT_RETURN_TYPE = YES_ERROR;
				GCC_WARN_UNDECLARED_SELECTOR = YES;
				GCC_WARN_UNINITIALIZED_AUTOS = YES_AGGRESSIVE;
				GCC_WARN_UNUSED_FUNCTION = YES;
				GCC_WARN_UNUSED_VARIABLE = YES;
				IPHONEOS_DEPLOYMENT_TARGET = 10.2;
				MTL_ENABLE_DEBUG_INFO = YES;
				ONLY_ACTIVE_ARCH = YES;
				SDKROOT = iphoneos;
				SWIFT_ACTIVE_COMPILATION_CONDITIONS = DEBUG;
				SWIFT_OPTIMIZATION_LEVEL = "-Onone";
				TARGETED_DEVICE_FAMILY = "1,2";
			};
			name = Debug;
		};
		CFFDB43B1E52599B00163744 /* Release */ = {
			isa = XCBuildConfiguration;
			buildSettings = {
				ALWAYS_SEARCH_USER_PATHS = NO;
				CLANG_ANALYZER_NONNULL = YES;
				CLANG_CXX_LANGUAGE_STANDARD = "gnu++0x";
				CLANG_CXX_LIBRARY = "libc++";
				CLANG_ENABLE_MODULES = YES;
				CLANG_ENABLE_OBJC_ARC = YES;
				CLANG_WARN_BOOL_CONVERSION = YES;
				CLANG_WARN_CONSTANT_CONVERSION = YES;
				CLANG_WARN_DIRECT_OBJC_ISA_USAGE = YES_ERROR;
				CLANG_WARN_DOCUMENTATION_COMMENTS = YES;
				CLANG_WARN_EMPTY_BODY = YES;
				CLANG_WARN_ENUM_CONVERSION = YES;
				CLANG_WARN_INFINITE_RECURSION = YES;
				CLANG_WARN_INT_CONVERSION = YES;
				CLANG_WARN_OBJC_ROOT_CLASS = YES_ERROR;
				CLANG_WARN_SUSPICIOUS_MOVE = YES;
				CLANG_WARN_UNREACHABLE_CODE = YES;
				CLANG_WARN__DUPLICATE_METHOD_MATCH = YES;
				"CODE_SIGN_IDENTITY[sdk=iphoneos*]" = "iPhone Developer";
				COPY_PHASE_STRIP = NO;
				DEBUG_INFORMATION_FORMAT = "dwarf-with-dsym";
				ENABLE_NS_ASSERTIONS = NO;
				ENABLE_STRICT_OBJC_MSGSEND = YES;
				GCC_C_LANGUAGE_STANDARD = gnu99;
				GCC_NO_COMMON_BLOCKS = YES;
				GCC_WARN_64_TO_32_BIT_CONVERSION = YES;
				GCC_WARN_ABOUT_RETURN_TYPE = YES_ERROR;
				GCC_WARN_UNDECLARED_SELECTOR = YES;
				GCC_WARN_UNINITIALIZED_AUTOS = YES_AGGRESSIVE;
				GCC_WARN_UNUSED_FUNCTION = YES;
				GCC_WARN_UNUSED_VARIABLE = YES;
				IPHONEOS_DEPLOYMENT_TARGET = 10.2;
				MTL_ENABLE_DEBUG_INFO = NO;
				SDKROOT = iphoneos;
				SWIFT_OPTIMIZATION_LEVEL = "-Owholemodule";
				TARGETED_DEVICE_FAMILY = "1,2";
				VALIDATE_PRODUCT = YES;
			};
			name = Release;
		};
		CFFDB43D1E52599B00163744 /* Debug */ = {
			isa = XCBuildConfiguration;
			baseConfigurationReference = 068ECAF7EFD5F90B51881174 /* Pods-MyJSON.debug.xcconfig */;
			buildSettings = {
				ASSETCATALOG_COMPILER_APPICON_NAME = AppIcon;
				DEVELOPMENT_TEAM = XQW53V53S6;
				INFOPLIST_FILE = MyJSON/Info.plist;
				LD_RUNPATH_SEARCH_PATHS = "$(inherited) @executable_path/Frameworks";
				PRODUCT_BUNDLE_IDENTIFIER = com.ashwint379.MyJSON;
				PRODUCT_NAME = "$(TARGET_NAME)";
				SWIFT_VERSION = 3.0;
			};
			name = Debug;
		};
		CFFDB43E1E52599B00163744 /* Release */ = {
			isa = XCBuildConfiguration;
			baseConfigurationReference = F2372EAA70633920994C1F2E /* Pods-MyJSON.release.xcconfig */;
			buildSettings = {
				ASSETCATALOG_COMPILER_APPICON_NAME = AppIcon;
				DEVELOPMENT_TEAM = XQW53V53S6;
				INFOPLIST_FILE = MyJSON/Info.plist;
				LD_RUNPATH_SEARCH_PATHS = "$(inherited) @executable_path/Frameworks";
				PRODUCT_BUNDLE_IDENTIFIER = com.ashwint379.MyJSON;
				PRODUCT_NAME = "$(TARGET_NAME)";
				SWIFT_VERSION = 3.0;
			};
			name = Release;
		};
/* End XCBuildConfiguration section */

/* Begin XCConfigurationList section */
		CFFDB4251E52599B00163744 /* Build configuration list for PBXProject "MyJSON" */ = {
			isa = XCConfigurationList;
			buildConfigurations = (
				CFFDB43A1E52599B00163744 /* Debug */,
				CFFDB43B1E52599B00163744 /* Release */,
			);
			defaultConfigurationIsVisible = 0;
			defaultConfigurationName = Release;
		};
		CFFDB43C1E52599B00163744 /* Build configuration list for PBXNativeTarget "MyJSON" */ = {
			isa = XCConfigurationList;
			buildConfigurations = (
				CFFDB43D1E52599B00163744 /* Debug */,
				CFFDB43E1E52599B00163744 /* Release */,
			);
			defaultConfigurationIsVisible = 0;
			defaultConfigurationName = Release;
		};
/* End XCConfigurationList section */
	};
	rootObject = CFFDB4221E52599B00163744 /* Project object */;
}
