// !$*UTF8*$!
{
	archiveVersion = 1;
	classes = {
	};
	objectVersion = 46;
	objects = {

/* Begin PBXBuildFile section */
		CFFDB42E1E52599B00163744 /* AppDelegate.swift in Sources */ = {isa = PBXBuildFile; fileRef = CFFDB42D1E52599B00163744 /* AppDelegate.swift */; };
		CFFDB4301E52599B00163744 /* ViewController.swift in Sources */ = {isa = PBXBuildFile; fileRef = CFFDB42F1E52599B00163744 /* ViewController.swift */; };
		CFFDB4331E52599B00163744 /* Main.storyboard in Resources */ = {isa = PBXBuildFile; fileRef = CFFDB4311E52599B00163744 /* Main.storyboard */; };
		CFFDB4351E52599B00163744 /* Assets.xcassets in Resources */ = {isa = PBXBuildFile; fileRef = CFFDB4341E52599B00163744 /* Assets.xcassets */; };
		CFFDB4381E52599B00163744 /* LaunchScreen.storyboard in Resources */ = {isa = PBXBuildFile; fileRef = CFFDB4361E52599B00163744 /* LaunchScreen.storyboard */; };
/* End PBXBuildFile section */

/* Begin PBXFileReference section */
		CFFDB42A1E52599B00163744 /* MyJSON.app */ = {isa = PBXFileReference; explicitFileType = wrapper.application; includeInIndex = 0; path = MyJSON.app; sourceTree = BUILT_PRODUCTS_DIR; };
		CFFDB42D1E52599B00163744 /* AppDelegate.swift */ = {isa = PBXFileReference; lastKnownFileType = sourcecode.swift; path = AppDelegate.swift; sourceTree = "<group>"; };
		CFFDB42F1E52599B00163744 /* ViewController.swift */ = {isa = PBXFileReference; lastKnownFileType = sourcecode.swift; path = ViewController.swift; sourceTree = "<group>"; };
		CFFDB4321E52599B00163744 /* Base */ = {isa = PBXFileReference; lastKnownFileType = file.storyboard; name = Base; path = Base.lproj/Main.storyboard; sourceTree = "<group>"; };
		CFFDB4341E52599B00163744 /* Assets.xcassets */ = {isa = PBXFileReference; lastKnownFileType = folder.assetcatalog; path = Assets.xcassets; sourceTree = "<group>"; };
		CFFDB4371E52599B00163744 /* Base */ = {isa = PBXFileReference; lastKnownFileType = file.storyboard; name = Base; path = Base.lproj/LaunchScreen.storyboard; sourceTree = "<group>"; };
		CFFDB4391E52599B00163744 /* Info.plist */ = {isa = PBXFileReference; lastKnownFileType = text.plist.xml; path = Info.plist; sourceTree = "<group>"; };
/* End PBXFileReference section */

/* Begin PBXFrameworksBuildPhase section */
		CFFDB4271E52599B00163744 /* Frameworks */ = {
			isa = PBXFrameworksBuildPhase;
			buildActionMask = 2147483647;
			files = (
			);
			runOnlyForDeploymentPostprocessing = 0;
		};
/* End PBXFrameworksBuildPhase section */

/* Begin PBXGroup section */
		CFFDB4211E52599B00163744 = {
			isa = PBXGroup;
			children = (
				CFFDB42C1E52599B00163744 /* MyJSON */,
				CFFDB42B1E52599B00163744 /* Products */,
			);
			sourceTree = "<group>";
		};
		CFFDB42B1E52599B00163744 /* Products */ = {
			isa = PBXGroup;
			children = (
				CFFDB42A1E52599B00163744 /* MyJSON.app */,
			);
			name = Products;
			sourceTree = "<group>";
		};
		CFFDB42C1E52599B00163744 /* MyJSON */ = {
			isa = PBXGroup;
			children = (
				CFFDB42D1E52599B00163744 /* AppDelegate.swift */,
				CFFDB42F1E52599B00163744 /* ViewController.swift */,
				CFFDB4311E52599B00163744 /* Main.storyboard */,
				CFFDB4341E52599B00163744 /* Assets.xcassets */,
				CFFDB4361E52599B00163744 /* LaunchScreen.storyboard */,
				CFFDB4391E52599B00163744 /* Info.plist */,
			);
			path = MyJSON;
			sourceTree = "<group>";
		};
/* End PBXGroup section */

/* Begin PBXNativeTarget section */
		CFFDB4291E52599B00163744 /* MyJSON */ = {
			isa = PBXNativeTarget;
			buildConfigurationList = CFFDB43C1E52599B00163744 /* Build configuration list for PBXNativeTarget "MyJSON" */;
			buildPhases = (
				CFFDB4261E52599B00163744 /* Sources */,
				CFFDB4271E52599B00163744 /* Frameworks */,
				CFFDB4281E52599B00163744 /* Resources */,
			);
			buildRules = (
			);
			dependencies = (
			);
			name = MyJSON;
			productName = MyJSON;
			productReference = CFFDB42A1E52599B00163744 /* MyJSON.app */;
			productType = "com.apple.product-type.application";
		};
/* End PBXNativeTarget section */

/* Begin PBXProject section */
		CFFDB4221E52599B00163744 /* Project object */ = {
			isa = PBXProject;
			attributes = {
				LastSwiftUpdateCheck = 0820;
				LastUpgradeCheck = 0820;
				ORGANIZATIONNAME = "Ashwin Tallapaka";
				TargetAttributes = {
					CFFDB4291E52599B00163744 = {
						CreatedOnToolsVersion = 8.2.1;
						DevelopmentTeam = XQW53V53S6;
						ProvisioningStyle = Automatic;
					};
				};
			};
			buildConfigurationList = CFFDB4251E52599B00163744 /* Build configuration list for PBXProject "MyJSON" */;
			compatibilityVersion = "Xcode 3.2";
			developmentRegion = English;
			hasScannedForEncodings = 0;
			knownRegions = (
				en,
				Base,
			);
			mainGroup = CFFDB4211E52599B00163744;
			productRefGroup = CFFDB42B1E52599B00163744 /* Products */;
			projectDirPath = "";
			projectRoot = "";
			targets = (
				CFFDB4291E52599B00163744 /* MyJSON */,
			);
		};
/* End PBXProject section */

/* Begin PBXResourcesBuildPhase section */
		CFFDB4281E52599B00163744 /* Resources */ = {
			isa = PBXResourcesBuildPhase;
			buildActionMask = 2147483647;
			files = (
				CFFDB4381E52599B00163744 /* LaunchScreen.storyboard in Resources */,
				CFFDB4351E52599B00163744 /* Assets.xcassets in Resources */,
				CFFDB4331E52599B00163744 /* Main.storyboard in Resources */,
			);
			runOnlyForDeploymentPostprocessing = 0;
		};
/* End PBXResourcesBuildPhase section */

/* Begin PBXSourcesBuildPhase section */
		CFFDB4261E52599B00163744 /* Sources */ = {
			isa = PBXSourcesBuildPhase;
			buildActionMask = 2147483647;
			files = (
				CFFDB4301E52599B00163744 /* ViewController.swift in Sources */,
				CFFDB42E1E52599B00163744 /* AppDelegate.swift in Sources */,
			);
			runOnlyForDeploymentPostprocessing = 0;
		};
/* End PBXSourcesBuildPhase section */

/* Begin PBXVariantGroup section */
		CFFDB4311E52599B00163744 /* Main.storyboard */ = {
			isa = PBXVariantGroup;
			children = (
				CFFDB4321E52599B00163744 /* Base */,
			);
			name = Main.storyboard;
			sourceTree = "<group>";
		};
		CFFDB4361E52599B00163744 /* LaunchScreen.storyboard */ = {
			isa = PBXVariantGroup;
			children = (
				CFFDB4371E52599B00163744 /* Base */,
			);
			name = LaunchScreen.storyboard;
			sourceTree = "<group>";
		};
/* End PBXVariantGroup section */

/* Begin XCBuildConfiguration section */
		CFFDB43A1E52599B00163744 /* Debug */ = {
			isa = XCBuildConfiguration;
			buildSettings = {
				ALWAYS_SEARCH_USER_PATHS = NO;
				CLANG_ANALYZER_NONNULL = YES;
				CLANG_CXX_LANGUAGE_STANDARD = "gnu++0x";
				CLANG_CXX_LIBRARY = "libc++";
				CLANG_ENABLE_MODULES = YES;
				CLANG_ENABLE_OBJC_ARC = YES;
				CLANG_WARN_BOOL_CONVERSION = YES;
				CLANG_WARN_CONSTANT_CONVERSION = YES;
				CLANG_WARN_DIRECT_OBJC_ISA_USAGE = YES_ERROR;
				CLANG_WARN_DOCUMENTATION_COMMENTS = YES;
				CLANG_WARN_EMPTY_BODY = YES;
				CLANG_WARN_ENUM_CONVERSION = YES;
				CLANG_WARN_INFINITE_RECURSION = YES;
				CLANG_WARN_INT_CONVERSION = YES;
				CLANG_WARN_OBJC_ROOT_CLASS = YES_ERROR;
				CLANG_WARN_SUSPICIOUS_MOVE = YES;
				CLANG_WARN_UNREACHABLE_CODE = YES;
				CLANG_WARN__DUPLICATE_METHOD_MATCH = YES;
				"CODE_SIGN_IDENTITY[sdk=iphoneos*]" = "iPhone Developer";
				COPY_PHASE_STRIP = NO;
				DEBUG_INFORMATION_FORMAT = dwarf;
				ENABLE_STRICT_OBJC_MSGSEND = YES;
				ENABLE_TESTABILITY = YES;
				GCC_C_LANGUAGE_STANDARD = gnu99;
				GCC_DYNAMIC_NO_PIC = NO;
				GCC_NO_COMMON_BLOCKS = YES;
				GCC_OPTIMIZATION_LEVEL = 0;
				GCC_PREPROCESSOR_DEFINITIONS = (
					"DEBUG=1",
					"$(inherited)",
				);
				GCC_WARN_64_TO_32_BIT_CONVERSION = YES;
				GCC_WARN_ABOUT_RETURN_TYPE = YES_ERROR;
				GCC_WARN_UNDECLARED_SELECTOR = YES;
				GCC_WARN_UNINITIALIZED_AUTOS = YES_AGGRESSIVE;
				GCC_WARN_UNUSED_FUNCTION = YES;
				GCC_WARN_UNUSED_VARIABLE = YES;
				IPHONEOS_DEPLOYMENT_TARGET = 10.2;
				MTL_ENABLE_DEBUG_INFO = YES;
				ONLY_ACTIVE_ARCH = YES;
				SDKROOT = iphoneos;
				SWIFT_ACTIVE_COMPILATION_CONDITIONS = DEBUG;
				SWIFT_OPTIMIZATION_LEVEL = "-Onone";
				TARGETED_DEVICE_FAMILY = "1,2";
			};
			name = Debug;
		};
		CFFDB43B1E52599B00163744 /* Release */ = {
			isa = XCBuildConfiguration;
			buildSettings = {
				ALWAYS_SEARCH_USER_PATHS = NO;
				CLANG_ANALYZER_NONNULL = YES;
				CLANG_CXX_LANGUAGE_STANDARD = "gnu++0x";
				CLANG_CXX_LIBRARY = "libc++";
				CLANG_ENABLE_MODULES = YES;
				CLANG_ENABLE_OBJC_ARC = YES;
				CLANG_WARN_BOOL_CONVERSION = YES;
				CLANG_WARN_CONSTANT_CONVERSION = YES;
				CLANG_WARN_DIRECT_OBJC_ISA_USAGE = YES_ERROR;
				CLANG_WARN_DOCUMENTATION_COMMENTS = YES;
				CLANG_WARN_EMPTY_BODY = YES;
				CLANG_WARN_ENUM_CONVERSION = YES;
				CLANG_WARN_INFINITE_RECURSION = YES;
				CLANG_WARN_INT_CONVERSION = YES;
				CLANG_WARN_OBJC_ROOT_CLASS = YES_ERROR;
				CLANG_WARN_SUSPICIOUS_MOVE = YES;
				CLANG_WARN_UNREACHABLE_CODE = YES;
				CLANG_WARN__DUPLICATE_METHOD_MATCH = YES;
				"CODE_SIGN_IDENTITY[sdk=iphoneos*]" = "iPhone Developer";
				COPY_PHASE_STRIP = NO;
				DEBUG_INFORMATION_FORMAT = "dwarf-with-dsym";
				ENABLE_NS_ASSERTIONS = NO;
				ENABLE_STRICT_OBJC_MSGSEND = YES;
				GCC_C_LANGUAGE_STANDARD = gnu99;
				GCC_NO_COMMON_BLOCKS = YES;
				GCC_WARN_64_TO_32_BIT_CONVERSION = YES;
				GCC_WARN_ABOUT_RETURN_TYPE = YES_ERROR;
				GCC_WARN_UNDECLARED_SELECTOR = YES;
				GCC_WARN_UNINITIALIZED_AUTOS = YES_AGGRESSIVE;
				GCC_WARN_UNUSED_FUNCTION = YES;
				GCC_WARN_UNUSED_VARIABLE = YES;
				IPHONEOS_DEPLOYMENT_TARGET = 10.2;
				MTL_ENABLE_DEBUG_INFO = NO;
				SDKROOT = iphoneos;
				SWIFT_OPTIMIZATION_LEVEL = "-Owholemodule";
				TARGETED_DEVICE_FAMILY = "1,2";
				VALIDATE_PRODUCT = YES;
			};
			name = Release;
		};
		CFFDB43D1E52599B00163744 /* Debug */ = {
			isa = XCBuildConfiguration;
			buildSettings = {
				ASSETCATALOG_COMPILER_APPICON_NAME = AppIcon;
				DEVELOPMENT_TEAM = XQW53V53S6;
				INFOPLIST_FILE = MyJSON/Info.plist;
				LD_RUNPATH_SEARCH_PATHS = "$(inherited) @executable_path/Frameworks";
				PRODUCT_BUNDLE_IDENTIFIER = com.ashwint379.MyJSON;
				PRODUCT_NAME = "$(TARGET_NAME)";
				SWIFT_VERSION = 3.0;
			};
			name = Debug;
		};
		CFFDB43E1E52599B00163744 /* Release */ = {
			isa = XCBuildConfiguration;
			buildSettings = {
				ASSETCATALOG_COMPILER_APPICON_NAME = AppIcon;
				DEVELOPMENT_TEAM = XQW53V53S6;
				INFOPLIST_FILE = MyJSON/Info.plist;
				LD_RUNPATH_SEARCH_PATHS = "$(inherited) @executable_path/Frameworks";
				PRODUCT_BUNDLE_IDENTIFIER = com.ashwint379.MyJSON;
				PRODUCT_NAME = "$(TARGET_NAME)";
				SWIFT_VERSION = 3.0;
			};
			name = Release;
		};
/* End XCBuildConfiguration section */

/* Begin XCConfigurationList section */
		CFFDB4251E52599B00163744 /* Build configuration list for PBXProject "MyJSON" */ = {
			isa = XCConfigurationList;
			buildConfigurations = (
				CFFDB43A1E52599B00163744 /* Debug */,
				CFFDB43B1E52599B00163744 /* Release */,
			);
			defaultConfigurationIsVisible = 0;
			defaultConfigurationName = Release;
		};
		CFFDB43C1E52599B00163744 /* Build configuration list for PBXNativeTarget "MyJSON" */ = {
			isa = XCConfigurationList;
			buildConfigurations = (
				CFFDB43D1E52599B00163744 /* Debug */,
				CFFDB43E1E52599B00163744 /* Release */,
			);
			defaultConfigurationIsVisible = 0;
		};
/* End XCConfigurationList section */
	};
	rootObject = CFFDB4221E52599B00163744 /* Project object */;
}
